// !$*UTF8*$!
{
	archiveVersion = 1;
	classes = {
	};
	objectVersion = 56;
	objects = {

/* Begin PBXBuildFile section */
		27DF1538256783E37BE6B087 /* Pods_Yandex_Assignment.framework in Frameworks */ = {isa = PBXBuildFile; fileRef = 6ACD0D5F5BD3FF683DF1012F /* Pods_Yandex_Assignment.framework */; };
		924E50B02C2CAC09004BEE2B /* TaskView.swift in Sources */ = {isa = PBXBuildFile; fileRef = 924E50AF2C2CAC09004BEE2B /* TaskView.swift */; };
		924E50B52C2D869F004BEE2B /* DateExtension.swift in Sources */ = {isa = PBXBuildFile; fileRef = 924E50B42C2D869F004BEE2B /* DateExtension.swift */; };
		924E50B72C2EC8F1004BEE2B /* ItemListViewModel.swift in Sources */ = {isa = PBXBuildFile; fileRef = 924E50B62C2EC8F1004BEE2B /* ItemListViewModel.swift */; };
		924E50B92C2EF4B7004BEE2B /* TaskViewModel.swift in Sources */ = {isa = PBXBuildFile; fileRef = 924E50B82C2EF4B7004BEE2B /* TaskViewModel.swift */; };
		924E50BB2C2F16F2004BEE2B /* NewCell.swift in Sources */ = {isa = PBXBuildFile; fileRef = 924E50BA2C2F16F2004BEE2B /* NewCell.swift */; };
		924E50BE2C2F1714004BEE2B /* ToDoCell.swift in Sources */ = {isa = PBXBuildFile; fileRef = 924E50BD2C2F1714004BEE2B /* ToDoCell.swift */; };
		924E50C02C2F52B7004BEE2B /* GradientPalette.swift in Sources */ = {isa = PBXBuildFile; fileRef = 924E50BF2C2F52B7004BEE2B /* GradientPalette.swift */; };
		924E50C22C2F7B59004BEE2B /* ColorExtension.swift in Sources */ = {isa = PBXBuildFile; fileRef = 924E50C12C2F7B59004BEE2B /* ColorExtension.swift */; };
		925880A32C384BAC00D99828 /* Category.swift in Sources */ = {isa = PBXBuildFile; fileRef = 925880A22C384BAC00D99828 /* Category.swift */; };
		927962322C3884BD00B0C5D9 /* AddNewCategoryView.swift in Sources */ = {isa = PBXBuildFile; fileRef = 927962312C3884BD00B0C5D9 /* AddNewCategoryView.swift */; };
		927962342C38888700B0C5D9 /* AddNewCategoryViewModel.swift in Sources */ = {isa = PBXBuildFile; fileRef = 927962332C38888700B0C5D9 /* AddNewCategoryViewModel.swift */; };
		928CD0532C38B0BA00668AFC /* CalendarView+TableViewExtensions.swift in Sources */ = {isa = PBXBuildFile; fileRef = 928CD0522C38B0BA00668AFC /* CalendarView+TableViewExtensions.swift */; };
		928CD0552C38B0CD00668AFC /* CalendarView+CollectionViewExtensions.swift in Sources */ = {isa = PBXBuildFile; fileRef = 928CD0542C38B0CD00668AFC /* CalendarView+CollectionViewExtensions.swift */; };
		92A381952C3F41DA00444484 /* CocoaLumberjackSwift in Frameworks */ = {isa = PBXBuildFile; productRef = 92A381942C3F41DA00444484 /* CocoaLumberjackSwift */; };
		92A381972C4036AC00444484 /* CocoaLumberjack in Frameworks */ = {isa = PBXBuildFile; productRef = 92A381962C4036AC00444484 /* CocoaLumberjack */; };
		92A381992C4036CA00444484 /* CocoaLumberjackSwiftLogBackend in Frameworks */ = {isa = PBXBuildFile; productRef = 92A381982C4036CA00444484 /* CocoaLumberjackSwiftLogBackend */; };
		92D33C3A2C2496E400A6EED5 /* TodoItem.swift in Sources */ = {isa = PBXBuildFile; fileRef = 92D33C392C2496E400A6EED5 /* TodoItem.swift */; };
		92D33C3C2C24E5C100A6EED5 /* FileCache.swift in Sources */ = {isa = PBXBuildFile; fileRef = 92D33C3B2C24E5C100A6EED5 /* FileCache.swift */; };
		92D33C3E2C25952200A6EED5 /* ToDoItemTests.swift in Sources */ = {isa = PBXBuildFile; fileRef = 92D33C3D2C25952200A6EED5 /* ToDoItemTests.swift */; };
		92D33C402C259EB100A6EED5 /* FileCacheTests.swift in Sources */ = {isa = PBXBuildFile; fileRef = 92D33C3F2C259EB100A6EED5 /* FileCacheTests.swift */; };
		92D491102C24860E0081E4AB /* YandexAssignmentApp.swift in Sources */ = {isa = PBXBuildFile; fileRef = 92D4910F2C24860E0081E4AB /* YandexAssignmentApp.swift */; };
		92D491122C24860E0081E4AB /* ItemListScreenView.swift in Sources */ = {isa = PBXBuildFile; fileRef = 92D491112C24860E0081E4AB /* ItemListScreenView.swift */; };
		92D491142C24860F0081E4AB /* Assets.xcassets in Resources */ = {isa = PBXBuildFile; fileRef = 92D491132C24860F0081E4AB /* Assets.xcassets */; };
		92D491172C24860F0081E4AB /* Preview Assets.xcassets in Resources */ = {isa = PBXBuildFile; fileRef = 92D491162C24860F0081E4AB /* Preview Assets.xcassets */; };
		92D4912B2C24860F0081E4AB /* YandexAssignmentUITests.swift in Sources */ = {isa = PBXBuildFile; fileRef = 92D4912A2C24860F0081E4AB /* YandexAssignmentUITests.swift */; };
		92D4912D2C24860F0081E4AB /* YandexAssignmentUITestsLaunchTests.swift in Sources */ = {isa = PBXBuildFile; fileRef = 92D4912C2C24860F0081E4AB /* YandexAssignmentUITestsLaunchTests.swift */; };
		92D780D42C35D95200605FFA /* CalendarView.swift in Sources */ = {isa = PBXBuildFile; fileRef = 92D780D32C35D95200605FFA /* CalendarView.swift */; };
		92D780D62C35D9A000605FFA /* Wrapper.swift in Sources */ = {isa = PBXBuildFile; fileRef = 92D780D52C35D9A000605FFA /* Wrapper.swift */; };
		92D780D82C35D9D300605FFA /* CalendarViewSUI.swift in Sources */ = {isa = PBXBuildFile; fileRef = 92D780D72C35D9D300605FFA /* CalendarViewSUI.swift */; };
		92D780DA2C35DAE800605FFA /* CalendarViewCell.swift in Sources */ = {isa = PBXBuildFile; fileRef = 92D780D92C35DAE800605FFA /* CalendarViewCell.swift */; };
		92D780DC2C36C95600605FFA /* CalendarViewDateCell.swift in Sources */ = {isa = PBXBuildFile; fileRef = 92D780DB2C36C95600605FFA /* CalendarViewDateCell.swift */; };
		92D781032C36D75000605FFA /* CalendarViewModel.swift in Sources */ = {isa = PBXBuildFile; fileRef = 92D781022C36D75000605FFA /* CalendarViewModel.swift */; };
		DDAF747CE2B8C37CD534E771 /* Pods_Yandex_Assignment_Yandex_AssignmentUITests.framework in Frameworks */ = {isa = PBXBuildFile; fileRef = 7AC8F0579A7502BE84ACEEBD /* Pods_Yandex_Assignment_Yandex_AssignmentUITests.framework */; };
		F3E49D0E2955DEA1635ADB5C /* Pods_Yandex_AssignmentTests.framework in Frameworks */ = {isa = PBXBuildFile; fileRef = 79BEC142E592A50ACB7A6CFD /* Pods_Yandex_AssignmentTests.framework */; };
/* End PBXBuildFile section */

/* Begin PBXContainerItemProxy section */
		92D4911D2C24860F0081E4AB /* PBXContainerItemProxy */ = {
			isa = PBXContainerItemProxy;
			containerPortal = 92D491042C24860E0081E4AB /* Project object */;
			proxyType = 1;
			remoteGlobalIDString = 92D4910B2C24860E0081E4AB;
			remoteInfo = Yandex_Assignment;
		};
		92D491272C24860F0081E4AB /* PBXContainerItemProxy */ = {
			isa = PBXContainerItemProxy;
			containerPortal = 92D491042C24860E0081E4AB /* Project object */;
			proxyType = 1;
			remoteGlobalIDString = 92D4910B2C24860E0081E4AB;
			remoteInfo = Yandex_Assignment;
		};
/* End PBXContainerItemProxy section */

/* Begin PBXFileReference section */
		120BD16BFA7C9165EE44E959 /* Pods-Yandex_AssignmentTests.debug.xcconfig */ = {isa = PBXFileReference; includeInIndex = 1; lastKnownFileType = text.xcconfig; name = "Pods-Yandex_AssignmentTests.debug.xcconfig"; path = "Target Support Files/Pods-Yandex_AssignmentTests/Pods-Yandex_AssignmentTests.debug.xcconfig"; sourceTree = "<group>"; };
		171B720549952D893CBCDEB6 /* Pods-Yandex_AssignmentTests.release.xcconfig */ = {isa = PBXFileReference; includeInIndex = 1; lastKnownFileType = text.xcconfig; name = "Pods-Yandex_AssignmentTests.release.xcconfig"; path = "Target Support Files/Pods-Yandex_AssignmentTests/Pods-Yandex_AssignmentTests.release.xcconfig"; sourceTree = "<group>"; };
		5B1AD3FDDD0788D46357E5E1 /* Pods-Yandex_Assignment-Yandex_AssignmentUITests.release.xcconfig */ = {isa = PBXFileReference; includeInIndex = 1; lastKnownFileType = text.xcconfig; name = "Pods-Yandex_Assignment-Yandex_AssignmentUITests.release.xcconfig"; path = "Target Support Files/Pods-Yandex_Assignment-Yandex_AssignmentUITests/Pods-Yandex_Assignment-Yandex_AssignmentUITests.release.xcconfig"; sourceTree = "<group>"; };
		6ACD0D5F5BD3FF683DF1012F /* Pods_Yandex_Assignment.framework */ = {isa = PBXFileReference; explicitFileType = wrapper.framework; includeInIndex = 0; path = Pods_Yandex_Assignment.framework; sourceTree = BUILT_PRODUCTS_DIR; };
		79BEC142E592A50ACB7A6CFD /* Pods_Yandex_AssignmentTests.framework */ = {isa = PBXFileReference; explicitFileType = wrapper.framework; includeInIndex = 0; path = Pods_Yandex_AssignmentTests.framework; sourceTree = BUILT_PRODUCTS_DIR; };
		7AC8F0579A7502BE84ACEEBD /* Pods_Yandex_Assignment_Yandex_AssignmentUITests.framework */ = {isa = PBXFileReference; explicitFileType = wrapper.framework; includeInIndex = 0; path = Pods_Yandex_Assignment_Yandex_AssignmentUITests.framework; sourceTree = BUILT_PRODUCTS_DIR; };
		924E50AF2C2CAC09004BEE2B /* TaskView.swift */ = {isa = PBXFileReference; lastKnownFileType = sourcecode.swift; path = TaskView.swift; sourceTree = "<group>"; };
		924E50B42C2D869F004BEE2B /* DateExtension.swift */ = {isa = PBXFileReference; lastKnownFileType = sourcecode.swift; path = DateExtension.swift; sourceTree = "<group>"; };
		924E50B62C2EC8F1004BEE2B /* ItemListViewModel.swift */ = {isa = PBXFileReference; lastKnownFileType = sourcecode.swift; path = ItemListViewModel.swift; sourceTree = "<group>"; };
		924E50B82C2EF4B7004BEE2B /* TaskViewModel.swift */ = {isa = PBXFileReference; lastKnownFileType = sourcecode.swift; path = TaskViewModel.swift; sourceTree = "<group>"; };
		924E50BA2C2F16F2004BEE2B /* NewCell.swift */ = {isa = PBXFileReference; lastKnownFileType = sourcecode.swift; path = NewCell.swift; sourceTree = "<group>"; };
		924E50BD2C2F1714004BEE2B /* ToDoCell.swift */ = {isa = PBXFileReference; lastKnownFileType = sourcecode.swift; path = ToDoCell.swift; sourceTree = "<group>"; };
		924E50BF2C2F52B7004BEE2B /* GradientPalette.swift */ = {isa = PBXFileReference; lastKnownFileType = sourcecode.swift; path = GradientPalette.swift; sourceTree = "<group>"; };
		924E50C12C2F7B59004BEE2B /* ColorExtension.swift */ = {isa = PBXFileReference; lastKnownFileType = sourcecode.swift; path = ColorExtension.swift; sourceTree = "<group>"; };
		925880A22C384BAC00D99828 /* Category.swift */ = {isa = PBXFileReference; lastKnownFileType = sourcecode.swift; path = Category.swift; sourceTree = "<group>"; };
		927962312C3884BD00B0C5D9 /* AddNewCategoryView.swift */ = {isa = PBXFileReference; lastKnownFileType = sourcecode.swift; path = AddNewCategoryView.swift; sourceTree = "<group>"; };
		927962332C38888700B0C5D9 /* AddNewCategoryViewModel.swift */ = {isa = PBXFileReference; lastKnownFileType = sourcecode.swift; path = AddNewCategoryViewModel.swift; sourceTree = "<group>"; };
		928CD0522C38B0BA00668AFC /* CalendarView+TableViewExtensions.swift */ = {isa = PBXFileReference; lastKnownFileType = sourcecode.swift; path = "CalendarView+TableViewExtensions.swift"; sourceTree = "<group>"; };
		928CD0542C38B0CD00668AFC /* CalendarView+CollectionViewExtensions.swift */ = {isa = PBXFileReference; lastKnownFileType = sourcecode.swift; path = "CalendarView+CollectionViewExtensions.swift"; sourceTree = "<group>"; };
		92D33C392C2496E400A6EED5 /* TodoItem.swift */ = {isa = PBXFileReference; lastKnownFileType = sourcecode.swift; path = TodoItem.swift; sourceTree = "<group>"; };
		92D33C3B2C24E5C100A6EED5 /* FileCache.swift */ = {isa = PBXFileReference; lastKnownFileType = sourcecode.swift; path = FileCache.swift; sourceTree = "<group>"; xcLanguageSpecificationIdentifier = xcode.lang.xcfilelist; };
		92D33C3D2C25952200A6EED5 /* ToDoItemTests.swift */ = {isa = PBXFileReference; lastKnownFileType = sourcecode.swift; path = ToDoItemTests.swift; sourceTree = "<group>"; };
		92D33C3F2C259EB100A6EED5 /* FileCacheTests.swift */ = {isa = PBXFileReference; lastKnownFileType = sourcecode.swift; path = FileCacheTests.swift; sourceTree = "<group>"; };
		92D4910C2C24860E0081E4AB /* Yandex_Assignment.app */ = {isa = PBXFileReference; explicitFileType = wrapper.application; includeInIndex = 0; path = Yandex_Assignment.app; sourceTree = BUILT_PRODUCTS_DIR; };
		92D4910F2C24860E0081E4AB /* YandexAssignmentApp.swift */ = {isa = PBXFileReference; lastKnownFileType = sourcecode.swift; path = YandexAssignmentApp.swift; sourceTree = "<group>"; };
		92D491112C24860E0081E4AB /* ItemListScreenView.swift */ = {isa = PBXFileReference; lastKnownFileType = sourcecode.swift; path = ItemListScreenView.swift; sourceTree = "<group>"; };
		92D491132C24860F0081E4AB /* Assets.xcassets */ = {isa = PBXFileReference; lastKnownFileType = folder.assetcatalog; path = Assets.xcassets; sourceTree = "<group>"; };
		92D491162C24860F0081E4AB /* Preview Assets.xcassets */ = {isa = PBXFileReference; lastKnownFileType = folder.assetcatalog; path = "Preview Assets.xcassets"; sourceTree = "<group>"; };
		92D4911C2C24860F0081E4AB /* Yandex_AssignmentTests.xctest */ = {isa = PBXFileReference; explicitFileType = wrapper.cfbundle; includeInIndex = 0; path = Yandex_AssignmentTests.xctest; sourceTree = BUILT_PRODUCTS_DIR; };
		92D491262C24860F0081E4AB /* Yandex_AssignmentUITests.xctest */ = {isa = PBXFileReference; explicitFileType = wrapper.cfbundle; includeInIndex = 0; path = Yandex_AssignmentUITests.xctest; sourceTree = BUILT_PRODUCTS_DIR; };
		92D4912A2C24860F0081E4AB /* YandexAssignmentUITests.swift */ = {isa = PBXFileReference; lastKnownFileType = sourcecode.swift; path = YandexAssignmentUITests.swift; sourceTree = "<group>"; };
		92D4912C2C24860F0081E4AB /* YandexAssignmentUITestsLaunchTests.swift */ = {isa = PBXFileReference; lastKnownFileType = sourcecode.swift; path = YandexAssignmentUITestsLaunchTests.swift; sourceTree = "<group>"; };
		92D780D32C35D95200605FFA /* CalendarView.swift */ = {isa = PBXFileReference; lastKnownFileType = sourcecode.swift; path = CalendarView.swift; sourceTree = "<group>"; };
		92D780D52C35D9A000605FFA /* Wrapper.swift */ = {isa = PBXFileReference; lastKnownFileType = sourcecode.swift; path = Wrapper.swift; sourceTree = "<group>"; };
		92D780D72C35D9D300605FFA /* CalendarViewSUI.swift */ = {isa = PBXFileReference; lastKnownFileType = sourcecode.swift; path = CalendarViewSUI.swift; sourceTree = "<group>"; };
		92D780D92C35DAE800605FFA /* CalendarViewCell.swift */ = {isa = PBXFileReference; lastKnownFileType = sourcecode.swift; path = CalendarViewCell.swift; sourceTree = "<group>"; };
		92D780DB2C36C95600605FFA /* CalendarViewDateCell.swift */ = {isa = PBXFileReference; lastKnownFileType = sourcecode.swift; path = CalendarViewDateCell.swift; sourceTree = "<group>"; };
		92D781022C36D75000605FFA /* CalendarViewModel.swift */ = {isa = PBXFileReference; lastKnownFileType = sourcecode.swift; path = CalendarViewModel.swift; sourceTree = "<group>"; };
		9425DFDEEABEB04B4489E945 /* Pods-Yandex_Assignment-Yandex_AssignmentUITests.debug.xcconfig */ = {isa = PBXFileReference; includeInIndex = 1; lastKnownFileType = text.xcconfig; name = "Pods-Yandex_Assignment-Yandex_AssignmentUITests.debug.xcconfig"; path = "Target Support Files/Pods-Yandex_Assignment-Yandex_AssignmentUITests/Pods-Yandex_Assignment-Yandex_AssignmentUITests.debug.xcconfig"; sourceTree = "<group>"; };
		A7AAE0BD3AA89E1AFE095FEF /* Pods-Yandex_Assignment.debug.xcconfig */ = {isa = PBXFileReference; includeInIndex = 1; lastKnownFileType = text.xcconfig; name = "Pods-Yandex_Assignment.debug.xcconfig"; path = "Target Support Files/Pods-Yandex_Assignment/Pods-Yandex_Assignment.debug.xcconfig"; sourceTree = "<group>"; };
		D23206D30FC4182759FAF77B /* Pods-Yandex_Assignment.release.xcconfig */ = {isa = PBXFileReference; includeInIndex = 1; lastKnownFileType = text.xcconfig; name = "Pods-Yandex_Assignment.release.xcconfig"; path = "Target Support Files/Pods-Yandex_Assignment/Pods-Yandex_Assignment.release.xcconfig"; sourceTree = "<group>"; };
/* End PBXFileReference section */

/* Begin PBXFrameworksBuildPhase section */
		92D491092C24860E0081E4AB /* Frameworks */ = {
			isa = PBXFrameworksBuildPhase;
			buildActionMask = 2147483647;
			files = (
				92A381972C4036AC00444484 /* CocoaLumberjack in Frameworks */,
				92A381952C3F41DA00444484 /* CocoaLumberjackSwift in Frameworks */,
				92A381992C4036CA00444484 /* CocoaLumberjackSwiftLogBackend in Frameworks */,
				27DF1538256783E37BE6B087 /* Pods_Yandex_Assignment.framework in Frameworks */,
			);
			runOnlyForDeploymentPostprocessing = 0;
		};
		92D491192C24860F0081E4AB /* Frameworks */ = {
			isa = PBXFrameworksBuildPhase;
			buildActionMask = 2147483647;
			files = (
				F3E49D0E2955DEA1635ADB5C /* Pods_Yandex_AssignmentTests.framework in Frameworks */,
			);
			runOnlyForDeploymentPostprocessing = 0;
		};
		92D491232C24860F0081E4AB /* Frameworks */ = {
			isa = PBXFrameworksBuildPhase;
			buildActionMask = 2147483647;
			files = (
				DDAF747CE2B8C37CD534E771 /* Pods_Yandex_Assignment_Yandex_AssignmentUITests.framework in Frameworks */,
			);
			runOnlyForDeploymentPostprocessing = 0;
		};
/* End PBXFrameworksBuildPhase section */

/* Begin PBXGroup section */
		0F6BB008111544B8D0940765 /* Frameworks */ = {
			isa = PBXGroup;
			children = (
				6ACD0D5F5BD3FF683DF1012F /* Pods_Yandex_Assignment.framework */,
				7AC8F0579A7502BE84ACEEBD /* Pods_Yandex_Assignment_Yandex_AssignmentUITests.framework */,
				79BEC142E592A50ACB7A6CFD /* Pods_Yandex_AssignmentTests.framework */,
			);
			name = Frameworks;
			sourceTree = "<group>";
		};
		86538C584F2CC4F565C37A74 /* Pods */ = {
			isa = PBXGroup;
			children = (
				A7AAE0BD3AA89E1AFE095FEF /* Pods-Yandex_Assignment.debug.xcconfig */,
				D23206D30FC4182759FAF77B /* Pods-Yandex_Assignment.release.xcconfig */,
				9425DFDEEABEB04B4489E945 /* Pods-Yandex_Assignment-Yandex_AssignmentUITests.debug.xcconfig */,
				5B1AD3FDDD0788D46357E5E1 /* Pods-Yandex_Assignment-Yandex_AssignmentUITests.release.xcconfig */,
				120BD16BFA7C9165EE44E959 /* Pods-Yandex_AssignmentTests.debug.xcconfig */,
				171B720549952D893CBCDEB6 /* Pods-Yandex_AssignmentTests.release.xcconfig */,
			);
			path = Pods;
			sourceTree = "<group>";
		};
		924E50B32C2D8685004BEE2B /* Extensions */ = {
			isa = PBXGroup;
			children = (
				924E50B42C2D869F004BEE2B /* DateExtension.swift */,
				924E50C12C2F7B59004BEE2B /* ColorExtension.swift */,
			);
			path = Extensions;
			sourceTree = "<group>";
		};
		92D491032C24860E0081E4AB = {
			isa = PBXGroup;
			children = (
				92D4910E2C24860E0081E4AB /* Yandex_Assignment */,
				92D4911F2C24860F0081E4AB /* Yandex_AssignmentTests */,
				92D491292C24860F0081E4AB /* Yandex_AssignmentUITests */,
				92D4910D2C24860E0081E4AB /* Products */,
				86538C584F2CC4F565C37A74 /* Pods */,
				0F6BB008111544B8D0940765 /* Frameworks */,
			);
			sourceTree = "<group>";
		};
		92D4910D2C24860E0081E4AB /* Products */ = {
			isa = PBXGroup;
			children = (
				92D4910C2C24860E0081E4AB /* Yandex_Assignment.app */,
				92D4911C2C24860F0081E4AB /* Yandex_AssignmentTests.xctest */,
				92D491262C24860F0081E4AB /* Yandex_AssignmentUITests.xctest */,
			);
			name = Products;
			sourceTree = "<group>";
		};
		92D4910E2C24860E0081E4AB /* Yandex_Assignment */ = {
			isa = PBXGroup;
			children = (
				924E50B32C2D8685004BEE2B /* Extensions */,
				92D4913C2C24865F0081E4AB /* Models */,
				92D4913B2C2486530081E4AB /* ViewModels */,
				92D491392C2486460081E4AB /* Views */,
				92D4910F2C24860E0081E4AB /* YandexAssignmentApp.swift */,
				92D491132C24860F0081E4AB /* Assets.xcassets */,
				92D491152C24860F0081E4AB /* Preview Content */,
			);
			path = Yandex_Assignment;
			sourceTree = "<group>";
		};
		92D491152C24860F0081E4AB /* Preview Content */ = {
			isa = PBXGroup;
			children = (
				92D491162C24860F0081E4AB /* Preview Assets.xcassets */,
			);
			path = "Preview Content";
			sourceTree = "<group>";
		};
		92D4911F2C24860F0081E4AB /* Yandex_AssignmentTests */ = {
			isa = PBXGroup;
			children = (
				92D33C3D2C25952200A6EED5 /* ToDoItemTests.swift */,
				92D33C3F2C259EB100A6EED5 /* FileCacheTests.swift */,
			);
			path = Yandex_AssignmentTests;
			sourceTree = "<group>";
		};
		92D491292C24860F0081E4AB /* Yandex_AssignmentUITests */ = {
			isa = PBXGroup;
			children = (
				92D4912A2C24860F0081E4AB /* YandexAssignmentUITests.swift */,
				92D4912C2C24860F0081E4AB /* YandexAssignmentUITestsLaunchTests.swift */,
			);
			path = Yandex_AssignmentUITests;
			sourceTree = "<group>";
		};
		92D491392C2486460081E4AB /* Views */ = {
			isa = PBXGroup;
			children = (
				92D491112C24860E0081E4AB /* ItemListScreenView.swift */,
				924E50AF2C2CAC09004BEE2B /* TaskView.swift */,
				924E50BA2C2F16F2004BEE2B /* NewCell.swift */,
				924E50BD2C2F1714004BEE2B /* ToDoCell.swift */,
				924E50BF2C2F52B7004BEE2B /* GradientPalette.swift */,
				92D780D52C35D9A000605FFA /* Wrapper.swift */,
				92D780D72C35D9D300605FFA /* CalendarViewSUI.swift */,
				92D780D32C35D95200605FFA /* CalendarView.swift */,
				92D780DB2C36C95600605FFA /* CalendarViewDateCell.swift */,
				92D780D92C35DAE800605FFA /* CalendarViewCell.swift */,
				927962312C3884BD00B0C5D9 /* AddNewCategoryView.swift */,
				928CD0522C38B0BA00668AFC /* CalendarView+TableViewExtensions.swift */,
				928CD0542C38B0CD00668AFC /* CalendarView+CollectionViewExtensions.swift */,
			);
			path = Views;
			sourceTree = "<group>";
		};
		92D4913B2C2486530081E4AB /* ViewModels */ = {
			isa = PBXGroup;
			children = (
				924E50B62C2EC8F1004BEE2B /* ItemListViewModel.swift */,
				924E50B82C2EF4B7004BEE2B /* TaskViewModel.swift */,
				92D781022C36D75000605FFA /* CalendarViewModel.swift */,
				927962332C38888700B0C5D9 /* AddNewCategoryViewModel.swift */,
			);
			path = ViewModels;
			sourceTree = "<group>";
		};
		92D4913C2C24865F0081E4AB /* Models */ = {
			isa = PBXGroup;
			children = (
				92D33C3B2C24E5C100A6EED5 /* FileCache.swift */,
				92D33C392C2496E400A6EED5 /* TodoItem.swift */,
				925880A22C384BAC00D99828 /* Category.swift */,
			);
			path = Models;
			sourceTree = "<group>";
		};
/* End PBXGroup section */

/* Begin PBXNativeTarget section */
		92D4910B2C24860E0081E4AB /* Yandex_Assignment */ = {
			isa = PBXNativeTarget;
			buildConfigurationList = 92D491302C24860F0081E4AB /* Build configuration list for PBXNativeTarget "Yandex_Assignment" */;
			buildPhases = (
				80670A580BD602D891BDFCA6 /* [CP] Check Pods Manifest.lock */,
				92D491082C24860E0081E4AB /* Sources */,
				92D491092C24860E0081E4AB /* Frameworks */,
				92D4910A2C24860E0081E4AB /* Resources */,
				928CD05D2C3F29C400668AFC /* ShellScript */,
			);
			buildRules = (
			);
			dependencies = (
			);
			name = Yandex_Assignment;
			packageProductDependencies = (
				92A381942C3F41DA00444484 /* CocoaLumberjackSwift */,
				92A381962C4036AC00444484 /* CocoaLumberjack */,
				92A381982C4036CA00444484 /* CocoaLumberjackSwiftLogBackend */,
			);
			productName = Yandex_Assignment;
			productReference = 92D4910C2C24860E0081E4AB /* Yandex_Assignment.app */;
			productType = "com.apple.product-type.application";
		};
		92D4911B2C24860F0081E4AB /* Yandex_AssignmentTests */ = {
			isa = PBXNativeTarget;
			buildConfigurationList = 92D491332C24860F0081E4AB /* Build configuration list for PBXNativeTarget "Yandex_AssignmentTests" */;
			buildPhases = (
				718DF42C426A015D33655C74 /* [CP] Check Pods Manifest.lock */,
				92D491182C24860F0081E4AB /* Sources */,
				92D491192C24860F0081E4AB /* Frameworks */,
				92D4911A2C24860F0081E4AB /* Resources */,
			);
			buildRules = (
			);
			dependencies = (
				92D4911E2C24860F0081E4AB /* PBXTargetDependency */,
			);
			name = Yandex_AssignmentTests;
			productName = Yandex_AssignmentTests;
			productReference = 92D4911C2C24860F0081E4AB /* Yandex_AssignmentTests.xctest */;
			productType = "com.apple.product-type.bundle.unit-test";
		};
		92D491252C24860F0081E4AB /* Yandex_AssignmentUITests */ = {
			isa = PBXNativeTarget;
			buildConfigurationList = 92D491362C24860F0081E4AB /* Build configuration list for PBXNativeTarget "Yandex_AssignmentUITests" */;
			buildPhases = (
				754D23FBB834A5950D6E3C3D /* [CP] Check Pods Manifest.lock */,
				92D491222C24860F0081E4AB /* Sources */,
				92D491232C24860F0081E4AB /* Frameworks */,
				92D491242C24860F0081E4AB /* Resources */,
			);
			buildRules = (
			);
			dependencies = (
				92D491282C24860F0081E4AB /* PBXTargetDependency */,
			);
			name = Yandex_AssignmentUITests;
			productName = Yandex_AssignmentUITests;
			productReference = 92D491262C24860F0081E4AB /* Yandex_AssignmentUITests.xctest */;
			productType = "com.apple.product-type.bundle.ui-testing";
		};
/* End PBXNativeTarget section */

/* Begin PBXProject section */
		92D491042C24860E0081E4AB /* Project object */ = {
			isa = PBXProject;
			attributes = {
				BuildIndependentTargetsInParallel = 1;
				LastSwiftUpdateCheck = 1540;
				LastUpgradeCheck = 1540;
				TargetAttributes = {
					92D4910B2C24860E0081E4AB = {
						CreatedOnToolsVersion = 15.4;
					};
					92D4911B2C24860F0081E4AB = {
						CreatedOnToolsVersion = 15.4;
						TestTargetID = 92D4910B2C24860E0081E4AB;
					};
					92D491252C24860F0081E4AB = {
						CreatedOnToolsVersion = 15.4;
						TestTargetID = 92D4910B2C24860E0081E4AB;
					};
				};
			};
			buildConfigurationList = 92D491072C24860E0081E4AB /* Build configuration list for PBXProject "Yandex_Assignment" */;
			compatibilityVersion = "Xcode 14.0";
			developmentRegion = en;
			hasScannedForEncodings = 0;
			knownRegions = (
				en,
				Base,
			);
			mainGroup = 92D491032C24860E0081E4AB;
			packageReferences = (
				92A381932C3F41DA00444484 /* XCRemoteSwiftPackageReference "CocoaLumberjack" */,
			);
			productRefGroup = 92D4910D2C24860E0081E4AB /* Products */;
			projectDirPath = "";
			projectRoot = "";
			targets = (
				92D4910B2C24860E0081E4AB /* Yandex_Assignment */,
				92D4911B2C24860F0081E4AB /* Yandex_AssignmentTests */,
				92D491252C24860F0081E4AB /* Yandex_AssignmentUITests */,
			);
		};
/* End PBXProject section */

/* Begin PBXResourcesBuildPhase section */
		92D4910A2C24860E0081E4AB /* Resources */ = {
			isa = PBXResourcesBuildPhase;
			buildActionMask = 2147483647;
			files = (
				92D491172C24860F0081E4AB /* Preview Assets.xcassets in Resources */,
				92D491142C24860F0081E4AB /* Assets.xcassets in Resources */,
			);
			runOnlyForDeploymentPostprocessing = 0;
		};
		92D4911A2C24860F0081E4AB /* Resources */ = {
			isa = PBXResourcesBuildPhase;
			buildActionMask = 2147483647;
			files = (
			);
			runOnlyForDeploymentPostprocessing = 0;
		};
		92D491242C24860F0081E4AB /* Resources */ = {
			isa = PBXResourcesBuildPhase;
			buildActionMask = 2147483647;
			files = (
			);
			runOnlyForDeploymentPostprocessing = 0;
		};
/* End PBXResourcesBuildPhase section */

/* Begin PBXShellScriptBuildPhase section */
		718DF42C426A015D33655C74 /* [CP] Check Pods Manifest.lock */ = {
			isa = PBXShellScriptBuildPhase;
			buildActionMask = 2147483647;
			files = (
			);
			inputFileListPaths = (
			);
			inputPaths = (
				"${PODS_PODFILE_DIR_PATH}/Podfile.lock",
				"${PODS_ROOT}/Manifest.lock",
			);
			name = "[CP] Check Pods Manifest.lock";
			outputFileListPaths = (
			);
			outputPaths = (
				"$(DERIVED_FILE_DIR)/Pods-Yandex_AssignmentTests-checkManifestLockResult.txt",
			);
			runOnlyForDeploymentPostprocessing = 0;
			shellPath = /bin/sh;
			shellScript = "diff \"${PODS_PODFILE_DIR_PATH}/Podfile.lock\" \"${PODS_ROOT}/Manifest.lock\" > /dev/null\nif [ $? != 0 ] ; then\n    # print error to STDERR\n    echo \"error: The sandbox is not in sync with the Podfile.lock. Run 'pod install' or update your CocoaPods installation.\" >&2\n    exit 1\nfi\n# This output is used by Xcode 'outputs' to avoid re-running this script phase.\necho \"SUCCESS\" > \"${SCRIPT_OUTPUT_FILE_0}\"\n";
			showEnvVarsInLog = 0;
		};
		754D23FBB834A5950D6E3C3D /* [CP] Check Pods Manifest.lock */ = {
			isa = PBXShellScriptBuildPhase;
			buildActionMask = 2147483647;
			files = (
			);
			inputFileListPaths = (
			);
			inputPaths = (
				"${PODS_PODFILE_DIR_PATH}/Podfile.lock",
				"${PODS_ROOT}/Manifest.lock",
			);
			name = "[CP] Check Pods Manifest.lock";
			outputFileListPaths = (
			);
			outputPaths = (
				"$(DERIVED_FILE_DIR)/Pods-Yandex_Assignment-Yandex_AssignmentUITests-checkManifestLockResult.txt",
			);
			runOnlyForDeploymentPostprocessing = 0;
			shellPath = /bin/sh;
			shellScript = "diff \"${PODS_PODFILE_DIR_PATH}/Podfile.lock\" \"${PODS_ROOT}/Manifest.lock\" > /dev/null\nif [ $? != 0 ] ; then\n    # print error to STDERR\n    echo \"error: The sandbox is not in sync with the Podfile.lock. Run 'pod install' or update your CocoaPods installation.\" >&2\n    exit 1\nfi\n# This output is used by Xcode 'outputs' to avoid re-running this script phase.\necho \"SUCCESS\" > \"${SCRIPT_OUTPUT_FILE_0}\"\n";
			showEnvVarsInLog = 0;
		};
		80670A580BD602D891BDFCA6 /* [CP] Check Pods Manifest.lock */ = {
			isa = PBXShellScriptBuildPhase;
			buildActionMask = 2147483647;
			files = (
			);
			inputFileListPaths = (
			);
			inputPaths = (
				"${PODS_PODFILE_DIR_PATH}/Podfile.lock",
				"${PODS_ROOT}/Manifest.lock",
			);
			name = "[CP] Check Pods Manifest.lock";
			outputFileListPaths = (
			);
			outputPaths = (
				"$(DERIVED_FILE_DIR)/Pods-Yandex_Assignment-checkManifestLockResult.txt",
			);
			runOnlyForDeploymentPostprocessing = 0;
			shellPath = /bin/sh;
			shellScript = "diff \"${PODS_PODFILE_DIR_PATH}/Podfile.lock\" \"${PODS_ROOT}/Manifest.lock\" > /dev/null\nif [ $? != 0 ] ; then\n    # print error to STDERR\n    echo \"error: The sandbox is not in sync with the Podfile.lock. Run 'pod install' or update your CocoaPods installation.\" >&2\n    exit 1\nfi\n# This output is used by Xcode 'outputs' to avoid re-running this script phase.\necho \"SUCCESS\" > \"${SCRIPT_OUTPUT_FILE_0}\"\n";
			showEnvVarsInLog = 0;
		};
		928CD05D2C3F29C400668AFC /* ShellScript */ = {
			isa = PBXShellScriptBuildPhase;
			alwaysOutOfDate = 1;
			buildActionMask = 2147483647;
			files = (
			);
			inputFileListPaths = (
			);
			inputPaths = (
			);
			outputFileListPaths = (
			);
			outputPaths = (
			);
			runOnlyForDeploymentPostprocessing = 0;
			shellPath = /bin/sh;
			shellScript = "SWIFTLINT_PATH=$(find Pods -name swiftlint | head -n 1)\nif [[ -n $SWIFTLINT_PATH ]]; then\n     \n    \"$SWIFTLINT_PATH\" --fix && \"$SWIFTLINT_PATH\"\nelse\n    echo \"warning: `swiftlint` command not found - See https://github.com/realm/SwiftLint#installation for installation instructions.\"\nfi\n";
		};
/* End PBXShellScriptBuildPhase section */

/* Begin PBXSourcesBuildPhase section */
		92D491082C24860E0081E4AB /* Sources */ = {
			isa = PBXSourcesBuildPhase;
			buildActionMask = 2147483647;
			files = (
				92D491122C24860E0081E4AB /* ItemListScreenView.swift in Sources */,
				924E50B52C2D869F004BEE2B /* DateExtension.swift in Sources */,
				928CD0532C38B0BA00668AFC /* CalendarView+TableViewExtensions.swift in Sources */,
				925880A32C384BAC00D99828 /* Category.swift in Sources */,
				92D780D82C35D9D300605FFA /* CalendarViewSUI.swift in Sources */,
				92D33C3A2C2496E400A6EED5 /* TodoItem.swift in Sources */,
				92D780DC2C36C95600605FFA /* CalendarViewDateCell.swift in Sources */,
				924E50C22C2F7B59004BEE2B /* ColorExtension.swift in Sources */,
				92D781032C36D75000605FFA /* CalendarViewModel.swift in Sources */,
				92D33C3C2C24E5C100A6EED5 /* FileCache.swift in Sources */,
				92D780DA2C35DAE800605FFA /* CalendarViewCell.swift in Sources */,
				924E50B02C2CAC09004BEE2B /* TaskView.swift in Sources */,
				927962322C3884BD00B0C5D9 /* AddNewCategoryView.swift in Sources */,
				92D780D42C35D95200605FFA /* CalendarView.swift in Sources */,
				927962342C38888700B0C5D9 /* AddNewCategoryViewModel.swift in Sources */,
				924E50B92C2EF4B7004BEE2B /* TaskViewModel.swift in Sources */,
				924E50B72C2EC8F1004BEE2B /* ItemListViewModel.swift in Sources */,
				928CD0552C38B0CD00668AFC /* CalendarView+CollectionViewExtensions.swift in Sources */,
				924E50BB2C2F16F2004BEE2B /* NewCell.swift in Sources */,
				92D491102C24860E0081E4AB /* YandexAssignmentApp.swift in Sources */,
				92D780D62C35D9A000605FFA /* Wrapper.swift in Sources */,
				924E50C02C2F52B7004BEE2B /* GradientPalette.swift in Sources */,
				924E50BE2C2F1714004BEE2B /* ToDoCell.swift in Sources */,
			);
			runOnlyForDeploymentPostprocessing = 0;
		};
		92D491182C24860F0081E4AB /* Sources */ = {
			isa = PBXSourcesBuildPhase;
			buildActionMask = 2147483647;
			files = (
				92D33C3E2C25952200A6EED5 /* ToDoItemTests.swift in Sources */,
				92D33C402C259EB100A6EED5 /* FileCacheTests.swift in Sources */,
			);
			runOnlyForDeploymentPostprocessing = 0;
		};
		92D491222C24860F0081E4AB /* Sources */ = {
			isa = PBXSourcesBuildPhase;
			buildActionMask = 2147483647;
			files = (
				92D4912D2C24860F0081E4AB /* YandexAssignmentUITestsLaunchTests.swift in Sources */,
				92D4912B2C24860F0081E4AB /* YandexAssignmentUITests.swift in Sources */,
			);
			runOnlyForDeploymentPostprocessing = 0;
		};
/* End PBXSourcesBuildPhase section */

/* Begin PBXTargetDependency section */
		92D4911E2C24860F0081E4AB /* PBXTargetDependency */ = {
			isa = PBXTargetDependency;
			target = 92D4910B2C24860E0081E4AB /* Yandex_Assignment */;
			targetProxy = 92D4911D2C24860F0081E4AB /* PBXContainerItemProxy */;
		};
		92D491282C24860F0081E4AB /* PBXTargetDependency */ = {
			isa = PBXTargetDependency;
			target = 92D4910B2C24860E0081E4AB /* Yandex_Assignment */;
			targetProxy = 92D491272C24860F0081E4AB /* PBXContainerItemProxy */;
		};
/* End PBXTargetDependency section */

/* Begin XCBuildConfiguration section */
		92D4912E2C24860F0081E4AB /* Debug */ = {
			isa = XCBuildConfiguration;
			buildSettings = {
				ALWAYS_SEARCH_USER_PATHS = NO;
				ASSETCATALOG_COMPILER_GENERATE_SWIFT_ASSET_SYMBOL_EXTENSIONS = YES;
				CLANG_ANALYZER_NONNULL = YES;
				CLANG_ANALYZER_NUMBER_OBJECT_CONVERSION = YES_AGGRESSIVE;
				CLANG_CXX_LANGUAGE_STANDARD = "gnu++20";
				CLANG_ENABLE_MODULES = YES;
				CLANG_ENABLE_OBJC_ARC = YES;
				CLANG_ENABLE_OBJC_WEAK = YES;
				CLANG_WARN_BLOCK_CAPTURE_AUTORELEASING = YES;
				CLANG_WARN_BOOL_CONVERSION = YES;
				CLANG_WARN_COMMA = YES;
				CLANG_WARN_CONSTANT_CONVERSION = YES;
				CLANG_WARN_DEPRECATED_OBJC_IMPLEMENTATIONS = YES;
				CLANG_WARN_DIRECT_OBJC_ISA_USAGE = YES_ERROR;
				CLANG_WARN_DOCUMENTATION_COMMENTS = YES;
				CLANG_WARN_EMPTY_BODY = YES;
				CLANG_WARN_ENUM_CONVERSION = YES;
				CLANG_WARN_INFINITE_RECURSION = YES;
				CLANG_WARN_INT_CONVERSION = YES;
				CLANG_WARN_NON_LITERAL_NULL_CONVERSION = YES;
				CLANG_WARN_OBJC_IMPLICIT_RETAIN_SELF = YES;
				CLANG_WARN_OBJC_LITERAL_CONVERSION = YES;
				CLANG_WARN_OBJC_ROOT_CLASS = YES_ERROR;
				CLANG_WARN_QUOTED_INCLUDE_IN_FRAMEWORK_HEADER = YES;
				CLANG_WARN_RANGE_LOOP_ANALYSIS = YES;
				CLANG_WARN_STRICT_PROTOTYPES = YES;
				CLANG_WARN_SUSPICIOUS_MOVE = YES;
				CLANG_WARN_UNGUARDED_AVAILABILITY = YES_AGGRESSIVE;
				CLANG_WARN_UNREACHABLE_CODE = YES;
				CLANG_WARN__DUPLICATE_METHOD_MATCH = YES;
				COPY_PHASE_STRIP = NO;
				DEBUG_INFORMATION_FORMAT = dwarf;
				ENABLE_STRICT_OBJC_MSGSEND = YES;
				ENABLE_TESTABILITY = YES;
				ENABLE_USER_SCRIPT_SANDBOXING = NO;
				GCC_C_LANGUAGE_STANDARD = gnu17;
				GCC_DYNAMIC_NO_PIC = NO;
				GCC_NO_COMMON_BLOCKS = YES;
				GCC_OPTIMIZATION_LEVEL = 0;
				GCC_PREPROCESSOR_DEFINITIONS = (
					"DEBUG=1",
					"$(inherited)",
				);
				GCC_WARN_64_TO_32_BIT_CONVERSION = YES;
				GCC_WARN_ABOUT_RETURN_TYPE = YES_ERROR;
				GCC_WARN_UNDECLARED_SELECTOR = YES;
				GCC_WARN_UNINITIALIZED_AUTOS = YES_AGGRESSIVE;
				GCC_WARN_UNUSED_FUNCTION = YES;
				GCC_WARN_UNUSED_VARIABLE = YES;
				IPHONEOS_DEPLOYMENT_TARGET = 17.5;
				LOCALIZATION_PREFERS_STRING_CATALOGS = YES;
				MTL_ENABLE_DEBUG_INFO = INCLUDE_SOURCE;
				MTL_FAST_MATH = YES;
				ONLY_ACTIVE_ARCH = YES;
				SDKROOT = iphoneos;
				SWIFT_ACTIVE_COMPILATION_CONDITIONS = "DEBUG $(inherited)";
				SWIFT_OPTIMIZATION_LEVEL = "-Onone";
			};
			name = Debug;
		};
		92D4912F2C24860F0081E4AB /* Release */ = {
			isa = XCBuildConfiguration;
			buildSettings = {
				ALWAYS_SEARCH_USER_PATHS = NO;
				ASSETCATALOG_COMPILER_GENERATE_SWIFT_ASSET_SYMBOL_EXTENSIONS = YES;
				CLANG_ANALYZER_NONNULL = YES;
				CLANG_ANALYZER_NUMBER_OBJECT_CONVERSION = YES_AGGRESSIVE;
				CLANG_CXX_LANGUAGE_STANDARD = "gnu++20";
				CLANG_ENABLE_MODULES = YES;
				CLANG_ENABLE_OBJC_ARC = YES;
				CLANG_ENABLE_OBJC_WEAK = YES;
				CLANG_WARN_BLOCK_CAPTURE_AUTORELEASING = YES;
				CLANG_WARN_BOOL_CONVERSION = YES;
				CLANG_WARN_COMMA = YES;
				CLANG_WARN_CONSTANT_CONVERSION = YES;
				CLANG_WARN_DEPRECATED_OBJC_IMPLEMENTATIONS = YES;
				CLANG_WARN_DIRECT_OBJC_ISA_USAGE = YES_ERROR;
				CLANG_WARN_DOCUMENTATION_COMMENTS = YES;
				CLANG_WARN_EMPTY_BODY = YES;
				CLANG_WARN_ENUM_CONVERSION = YES;
				CLANG_WARN_INFINITE_RECURSION = YES;
				CLANG_WARN_INT_CONVERSION = YES;
				CLANG_WARN_NON_LITERAL_NULL_CONVERSION = YES;
				CLANG_WARN_OBJC_IMPLICIT_RETAIN_SELF = YES;
				CLANG_WARN_OBJC_LITERAL_CONVERSION = YES;
				CLANG_WARN_OBJC_ROOT_CLASS = YES_ERROR;
				CLANG_WARN_QUOTED_INCLUDE_IN_FRAMEWORK_HEADER = YES;
				CLANG_WARN_RANGE_LOOP_ANALYSIS = YES;
				CLANG_WARN_STRICT_PROTOTYPES = YES;
				CLANG_WARN_SUSPICIOUS_MOVE = YES;
				CLANG_WARN_UNGUARDED_AVAILABILITY = YES_AGGRESSIVE;
				CLANG_WARN_UNREACHABLE_CODE = YES;
				CLANG_WARN__DUPLICATE_METHOD_MATCH = YES;
				COPY_PHASE_STRIP = NO;
				DEBUG_INFORMATION_FORMAT = "dwarf-with-dsym";
				ENABLE_NS_ASSERTIONS = NO;
				ENABLE_STRICT_OBJC_MSGSEND = YES;
				ENABLE_USER_SCRIPT_SANDBOXING = NO;
				GCC_C_LANGUAGE_STANDARD = gnu17;
				GCC_NO_COMMON_BLOCKS = YES;
				GCC_WARN_64_TO_32_BIT_CONVERSION = YES;
				GCC_WARN_ABOUT_RETURN_TYPE = YES_ERROR;
				GCC_WARN_UNDECLARED_SELECTOR = YES;
				GCC_WARN_UNINITIALIZED_AUTOS = YES_AGGRESSIVE;
				GCC_WARN_UNUSED_FUNCTION = YES;
				GCC_WARN_UNUSED_VARIABLE = YES;
				IPHONEOS_DEPLOYMENT_TARGET = 17.5;
				LOCALIZATION_PREFERS_STRING_CATALOGS = YES;
				MTL_ENABLE_DEBUG_INFO = NO;
				MTL_FAST_MATH = YES;
				SDKROOT = iphoneos;
				SWIFT_COMPILATION_MODE = wholemodule;
				VALIDATE_PRODUCT = YES;
			};
			name = Release;
		};
		92D491312C24860F0081E4AB /* Debug */ = {
			isa = XCBuildConfiguration;
			baseConfigurationReference = A7AAE0BD3AA89E1AFE095FEF /* Pods-Yandex_Assignment.debug.xcconfig */;
			buildSettings = {
				ASSETCATALOG_COMPILER_APPICON_NAME = AppIcon;
				ASSETCATALOG_COMPILER_GLOBAL_ACCENT_COLOR_NAME = AccentColor;
				CODE_SIGN_STYLE = Automatic;
				CURRENT_PROJECT_VERSION = 1;
				DEVELOPMENT_ASSET_PATHS = "\"Yandex_Assignment/Preview Content\"";
				DEVELOPMENT_TEAM = 95VHSTU4WC;
				ENABLE_PREVIEWS = YES;
				GENERATE_INFOPLIST_FILE = YES;
				INFOPLIST_KEY_UIApplicationSceneManifest_Generation = YES;
				INFOPLIST_KEY_UIApplicationSupportsIndirectInputEvents = YES;
				INFOPLIST_KEY_UILaunchScreen_Generation = YES;
				INFOPLIST_KEY_UISupportedInterfaceOrientations_iPad = "UIInterfaceOrientationPortrait UIInterfaceOrientationPortraitUpsideDown UIInterfaceOrientationLandscapeLeft UIInterfaceOrientationLandscapeRight";
				INFOPLIST_KEY_UISupportedInterfaceOrientations_iPhone = "UIInterfaceOrientationPortrait UIInterfaceOrientationLandscapeLeft UIInterfaceOrientationLandscapeRight";
				IPHONEOS_DEPLOYMENT_TARGET = 17.5;
				LD_RUNPATH_SEARCH_PATHS = (
					"$(inherited)",
					"@executable_path/Frameworks",
				);
				MARKETING_VERSION = 1.0;
				PRODUCT_BUNDLE_IDENTIFIER = "denissidorenko1.Yandex-Assignment";
				PRODUCT_NAME = "$(TARGET_NAME)";
				SWIFT_EMIT_LOC_STRINGS = YES;
				SWIFT_VERSION = 5.0;
				TARGETED_DEVICE_FAMILY = "1,2";
			};
			name = Debug;
		};
		92D491322C24860F0081E4AB /* Release */ = {
			isa = XCBuildConfiguration;
			baseConfigurationReference = D23206D30FC4182759FAF77B /* Pods-Yandex_Assignment.release.xcconfig */;
			buildSettings = {
				ASSETCATALOG_COMPILER_APPICON_NAME = AppIcon;
				ASSETCATALOG_COMPILER_GLOBAL_ACCENT_COLOR_NAME = AccentColor;
				CODE_SIGN_STYLE = Automatic;
				CURRENT_PROJECT_VERSION = 1;
				DEVELOPMENT_ASSET_PATHS = "\"Yandex_Assignment/Preview Content\"";
				DEVELOPMENT_TEAM = 95VHSTU4WC;
				ENABLE_PREVIEWS = YES;
				GENERATE_INFOPLIST_FILE = YES;
				INFOPLIST_KEY_UIApplicationSceneManifest_Generation = YES;
				INFOPLIST_KEY_UIApplicationSupportsIndirectInputEvents = YES;
				INFOPLIST_KEY_UILaunchScreen_Generation = YES;
				INFOPLIST_KEY_UISupportedInterfaceOrientations_iPad = "UIInterfaceOrientationPortrait UIInterfaceOrientationPortraitUpsideDown UIInterfaceOrientationLandscapeLeft UIInterfaceOrientationLandscapeRight";
				INFOPLIST_KEY_UISupportedInterfaceOrientations_iPhone = "UIInterfaceOrientationPortrait UIInterfaceOrientationLandscapeLeft UIInterfaceOrientationLandscapeRight";
				IPHONEOS_DEPLOYMENT_TARGET = 17.5;
				LD_RUNPATH_SEARCH_PATHS = (
					"$(inherited)",
					"@executable_path/Frameworks",
				);
				MARKETING_VERSION = 1.0;
				PRODUCT_BUNDLE_IDENTIFIER = "denissidorenko1.Yandex-Assignment";
				PRODUCT_NAME = "$(TARGET_NAME)";
				SWIFT_EMIT_LOC_STRINGS = YES;
				SWIFT_VERSION = 5.0;
				TARGETED_DEVICE_FAMILY = "1,2";
			};
			name = Release;
		};
		92D491342C24860F0081E4AB /* Debug */ = {
			isa = XCBuildConfiguration;
			baseConfigurationReference = 120BD16BFA7C9165EE44E959 /* Pods-Yandex_AssignmentTests.debug.xcconfig */;
			buildSettings = {
				ALWAYS_EMBED_SWIFT_STANDARD_LIBRARIES = YES;
				BUNDLE_LOADER = "$(TEST_HOST)";
				CODE_SIGN_STYLE = Automatic;
				CURRENT_PROJECT_VERSION = 1;
				DEVELOPMENT_TEAM = 95VHSTU4WC;
				GENERATE_INFOPLIST_FILE = YES;
				IPHONEOS_DEPLOYMENT_TARGET = 17.5;
				MARKETING_VERSION = 1.0;
				PRODUCT_BUNDLE_IDENTIFIER = "denissidorenko.Yandex-AssignmentTests";
				PRODUCT_NAME = "$(TARGET_NAME)";
				SWIFT_EMIT_LOC_STRINGS = NO;
				SWIFT_VERSION = 5.0;
				TARGETED_DEVICE_FAMILY = "1,2";
				TEST_HOST = "$(BUILT_PRODUCTS_DIR)/Yandex_Assignment.app/$(BUNDLE_EXECUTABLE_FOLDER_PATH)/Yandex_Assignment";
			};
			name = Debug;
		};
		92D491352C24860F0081E4AB /* Release */ = {
			isa = XCBuildConfiguration;
			baseConfigurationReference = 171B720549952D893CBCDEB6 /* Pods-Yandex_AssignmentTests.release.xcconfig */;
			buildSettings = {
				ALWAYS_EMBED_SWIFT_STANDARD_LIBRARIES = YES;
				BUNDLE_LOADER = "$(TEST_HOST)";
				CODE_SIGN_STYLE = Automatic;
				CURRENT_PROJECT_VERSION = 1;
				DEVELOPMENT_TEAM = 95VHSTU4WC;
				GENERATE_INFOPLIST_FILE = YES;
				IPHONEOS_DEPLOYMENT_TARGET = 17.5;
				MARKETING_VERSION = 1.0;
				PRODUCT_BUNDLE_IDENTIFIER = "denissidorenko.Yandex-AssignmentTests";
				PRODUCT_NAME = "$(TARGET_NAME)";
				SWIFT_EMIT_LOC_STRINGS = NO;
				SWIFT_VERSION = 5.0;
				TARGETED_DEVICE_FAMILY = "1,2";
				TEST_HOST = "$(BUILT_PRODUCTS_DIR)/Yandex_Assignment.app/$(BUNDLE_EXECUTABLE_FOLDER_PATH)/Yandex_Assignment";
			};
			name = Release;
		};
		92D491372C24860F0081E4AB /* Debug */ = {
			isa = XCBuildConfiguration;
			baseConfigurationReference = 9425DFDEEABEB04B4489E945 /* Pods-Yandex_Assignment-Yandex_AssignmentUITests.debug.xcconfig */;
			buildSettings = {
				ALWAYS_EMBED_SWIFT_STANDARD_LIBRARIES = YES;
				CODE_SIGN_STYLE = Automatic;
				CURRENT_PROJECT_VERSION = 1;
				DEVELOPMENT_TEAM = 95VHSTU4WC;
				GENERATE_INFOPLIST_FILE = YES;
				MARKETING_VERSION = 1.0;
				PRODUCT_BUNDLE_IDENTIFIER = "denissidorenko.Yandex-AssignmentUITests";
				PRODUCT_NAME = "$(TARGET_NAME)";
				SWIFT_EMIT_LOC_STRINGS = NO;
				SWIFT_VERSION = 5.0;
				TARGETED_DEVICE_FAMILY = "1,2";
				TEST_TARGET_NAME = Yandex_Assignment;
			};
			name = Debug;
		};
		92D491382C24860F0081E4AB /* Release */ = {
			isa = XCBuildConfiguration;
			baseConfigurationReference = 5B1AD3FDDD0788D46357E5E1 /* Pods-Yandex_Assignment-Yandex_AssignmentUITests.release.xcconfig */;
			buildSettings = {
				ALWAYS_EMBED_SWIFT_STANDARD_LIBRARIES = YES;
				CODE_SIGN_STYLE = Automatic;
				CURRENT_PROJECT_VERSION = 1;
				DEVELOPMENT_TEAM = 95VHSTU4WC;
				GENERATE_INFOPLIST_FILE = YES;
				MARKETING_VERSION = 1.0;
				PRODUCT_BUNDLE_IDENTIFIER = "denissidorenko.Yandex-AssignmentUITests";
				PRODUCT_NAME = "$(TARGET_NAME)";
				SWIFT_EMIT_LOC_STRINGS = NO;
				SWIFT_VERSION = 5.0;
				TARGETED_DEVICE_FAMILY = "1,2";
				TEST_TARGET_NAME = Yandex_Assignment;
			};
			name = Release;
		};
/* End XCBuildConfiguration section */

/* Begin XCConfigurationList section */
		92D491072C24860E0081E4AB /* Build configuration list for PBXProject "Yandex_Assignment" */ = {
			isa = XCConfigurationList;
			buildConfigurations = (
				92D4912E2C24860F0081E4AB /* Debug */,
				92D4912F2C24860F0081E4AB /* Release */,
			);
			defaultConfigurationIsVisible = 0;
			defaultConfigurationName = Release;
		};
		92D491302C24860F0081E4AB /* Build configuration list for PBXNativeTarget "Yandex_Assignment" */ = {
			isa = XCConfigurationList;
			buildConfigurations = (
				92D491312C24860F0081E4AB /* Debug */,
				92D491322C24860F0081E4AB /* Release */,
			);
			defaultConfigurationIsVisible = 0;
			defaultConfigurationName = Release;
		};
		92D491332C24860F0081E4AB /* Build configuration list for PBXNativeTarget "Yandex_AssignmentTests" */ = {
			isa = XCConfigurationList;
			buildConfigurations = (
				92D491342C24860F0081E4AB /* Debug */,
				92D491352C24860F0081E4AB /* Release */,
			);
			defaultConfigurationIsVisible = 0;
			defaultConfigurationName = Release;
		};
		92D491362C24860F0081E4AB /* Build configuration list for PBXNativeTarget "Yandex_AssignmentUITests" */ = {
			isa = XCConfigurationList;
			buildConfigurations = (
				92D491372C24860F0081E4AB /* Debug */,
				92D491382C24860F0081E4AB /* Release */,
			);
			defaultConfigurationIsVisible = 0;
			defaultConfigurationName = Release;
		};
/* End XCConfigurationList section */

/* Begin XCRemoteSwiftPackageReference section */
		92A381932C3F41DA00444484 /* XCRemoteSwiftPackageReference "CocoaLumberjack" */ = {
			isa = XCRemoteSwiftPackageReference;
			repositoryURL = "https://github.com/CocoaLumberjack/CocoaLumberjack";
			requirement = {
				kind = upToNextMajorVersion;
				minimumVersion = 3.8.5;
			};
		};
/* End XCRemoteSwiftPackageReference section */

/* Begin XCSwiftPackageProductDependency section */
		92A381942C3F41DA00444484 /* CocoaLumberjackSwift */ = {
			isa = XCSwiftPackageProductDependency;
			package = 92A381932C3F41DA00444484 /* XCRemoteSwiftPackageReference "CocoaLumberjack" */;
			productName = CocoaLumberjackSwift;
		};
		92A381962C4036AC00444484 /* CocoaLumberjack */ = {
			isa = XCSwiftPackageProductDependency;
			package = 92A381932C3F41DA00444484 /* XCRemoteSwiftPackageReference "CocoaLumberjack" */;
			productName = CocoaLumberjack;
		};
		92A381982C4036CA00444484 /* CocoaLumberjackSwiftLogBackend */ = {
			isa = XCSwiftPackageProductDependency;
			package = 92A381932C3F41DA00444484 /* XCRemoteSwiftPackageReference "CocoaLumberjack" */;
			productName = CocoaLumberjackSwiftLogBackend;
		};
/* End XCSwiftPackageProductDependency section */
	};
	rootObject = 92D491042C24860E0081E4AB /* Project object */;
}
